
Microsoft Visual Studio Solution File, Format Version 12.00
# Visual Studio Version 17
VisualStudioVersion = 17.14.35906.104
MinimumVisualStudioVersion = 10.0.40219.1
Project("{FAE04EC0-301F-11D3-BF4B-00C04F79EFBC}") = "HRMS", "HRMS\HRMS.csproj", "{0D7CCD6A-0964-4F19-8BEB-D93109CEFC8C}"
EndProject
Project("{FAE04EC0-301F-11D3-BF4B-00C04F79EFBC}") = "DataObject", "DataObject\DataObject.csproj", "{4E4FC14B-7967-4129-9E49-38FC21C2F40A}"
EndProject
Project("{FAE04EC0-301F-11D3-BF4B-00C04F79EFBC}") = "ProcessModel", "ProcessModel\ProcessModel.csproj", "{A53349E1-CBA5-41D2-A0B9-E4551BB7BA52}"
EndProject
Global
	GlobalSection(SolutionConfigurationPlatforms) = preSolution
		Debug|Any CPU = Debug|Any CPU
		Release|Any CPU = Release|Any CPU
	EndGlobalSection
	GlobalSection(ProjectConfigurationPlatforms) = postSolution
		{0D7CCD6A-0964-4F19-8BEB-D93109CEFC8C}.Debug|Any CPU.ActiveCfg = Debug|Any CPU
		{0D7CCD6A-0964-4F19-8BEB-D93109CEFC8C}.Debug|Any CPU.Build.0 = Debug|Any CPU
		{0D7CCD6A-0964-4F19-8BEB-D93109CEFC8C}.Release|Any CPU.ActiveCfg = Release|Any CPU
		{0D7CCD6A-0964-4F19-8BEB-D93109CEFC8C}.Release|Any CPU.Build.0 = Release|Any CPU
		{4E4FC14B-7967-4129-9E49-38FC21C2F40A}.Debug|Any CPU.ActiveCfg = Debug|Any CPU
		{4E4FC14B-7967-4129-9E49-38FC21C2F40A}.Debug|Any CPU.Build.0 = Debug|Any CPU
		{4E4FC14B-7967-4129-9E49-38FC21C2F40A}.Release|Any CPU.ActiveCfg = Release|Any CPU
		{4E4FC14B-7967-4129-9E49-38FC21C2F40A}.Release|Any CPU.Build.0 = Release|Any CPU
		{A53349E1-CBA5-41D2-A0B9-E4551BB7BA52}.Debug|Any CPU.ActiveCfg = Debug|Any CPU
		{A53349E1-CBA5-41D2-A0B9-E4551BB7BA52}.Debug|Any CPU.Build.0 = Debug|Any CPU
		{A53349E1-CBA5-41D2-A0B9-E4551BB7BA52}.Release|Any CPU.ActiveCfg = Release|Any CPU
		{A53349E1-CBA5-41D2-A0B9-E4551BB7BA52}.Release|Any CPU.Build.0 = Release|Any CPU
	EndGlobalSection
	GlobalSection(SolutionProperties) = preSolution
		HideSolutionNode = FALSE
	EndGlobalSection
	GlobalSection(ExtensibilityGlobals) = postSolution
		SolutionGuid = {7A72F089-249A-4308-BA3D-8D22DE1FA5F9}
	EndGlobalSection
EndGlobal
